
Microsoft Visual Studio Solution File, Format Version 12.00
# Visual Studio Version 17
VisualStudioVersion = 17.4.33213.308
MinimumVisualStudioVersion = 10.0.40219.1
Project("{FAE04EC0-301F-11D3-BF4B-00C04F79EFBC}") = "SustanableProgrammingExam1CSharp", "SustanableProgrammingExam1CSharp\SustanableProgrammingExam1CSharp.csproj", "{48323B9D-A7AC-4D5A-9110-DDE4881964EE}"
EndProject
Global
	GlobalSection(SolutionConfigurationPlatforms) = preSolution
		Debug|Any CPU = Debug|Any CPU
		Release|Any CPU = Release|Any CPU
	EndGlobalSection
	GlobalSection(ProjectConfigurationPlatforms) = postSolution
		{48323B9D-A7AC-4D5A-9110-DDE4881964EE}.Debug|Any CPU.ActiveCfg = Debug|Any CPU
		{48323B9D-A7AC-4D5A-9110-DDE4881964EE}.Debug|Any CPU.Build.0 = Debug|Any CPU
		{48323B9D-A7AC-4D5A-9110-DDE4881964EE}.Release|Any CPU.ActiveCfg = Release|Any CPU
		{48323B9D-A7AC-4D5A-9110-DDE4881964EE}.Release|Any CPU.Build.0 = Release|Any CPU
	EndGlobalSection
	GlobalSection(SolutionProperties) = preSolution
		HideSolutionNode = FALSE
	EndGlobalSection
	GlobalSection(ExtensibilityGlobals) = postSolution
		SolutionGuid = {82977D1F-32F4-44B4-9CFB-671591AD4CC4}
	EndGlobalSection
EndGlobal
